# This file is generated by running "yarn install" inside your project.
# Manual changes might be lost - proceed with caution!

__metadata:
  version: 4
  cacheKey: 7

"@sindresorhus/is@npm:^4.0.0":
  version: 4.0.1
  resolution: "@sindresorhus/is@npm:4.0.1"
  checksum: 16908ae19a1ca54173594bfdc8f33c6b2203fc0592cd54d551999e5b7c937815b6127fbd131360fc2dd1b1e7fb6a6afcd3d0f977a630ee17d3c7afbe8e739c02
  languageName: node
  linkType: hard

"@szmarczak/http-timer@npm:^4.0.5":
  version: 4.0.5
  resolution: "@szmarczak/http-timer@npm:4.0.5"
  dependencies:
    defer-to-connect: ^2.0.0
  checksum: 13d8f71dbd792b620b2cd13d72d086ef031ebefd5263a9db2f34693a32e4d90920fa1d7075cd59bf0c9810b2b1b93ad36d89fc88aba4cd3b8022df7ecc5ffdec
  languageName: node
  linkType: hard

"@types/cacheable-request@npm:^6.0.1":
  version: 6.0.1
  resolution: "@types/cacheable-request@npm:6.0.1"
  dependencies:
    "@types/http-cache-semantics": "*"
    "@types/keyv": "*"
    "@types/node": "*"
    "@types/responselike": "*"
  checksum: 3dae802a0808573986c56b92bf16cd031a5b648b6c893d20c7ef6bfda3fc72a2107c7978697d2b27b14febc597162d6959985eeb5befc307a9f9f3c5081d4905
  languageName: node
  linkType: hard

"@types/fs-extra@npm:^9.0.11":
  version: 9.0.11
  resolution: "@types/fs-extra@npm:9.0.11"
  dependencies:
    "@types/node": "*"
  checksum: e7a4df27880c525cf12c2d16a4fafb0b68b27c74e24cd4d0d637c56e9be27795efdd89cfc85de751ad1edfdcf1b3eb0bf97231eba90c91086825659de4ab8c72
  languageName: node
  linkType: hard

"@types/http-cache-semantics@npm:*":
  version: 4.0.0
  resolution: "@types/http-cache-semantics@npm:4.0.0"
  checksum: e16fae56d4daea4ed678b4d5918b693b44ca12fb5e479b87d242d3a35bf3a014974dcf9ed7aba7e29149fdb6c3719f9987fca51b20ef10aa84b58f86553c2f74
  languageName: node
  linkType: hard

"@types/keyv@npm:*":
  version: 3.1.1
  resolution: "@types/keyv@npm:3.1.1"
  dependencies:
    "@types/node": "*"
  checksum: 3aaf557d5b82e733d5a17b7f55af5d6be953363c3a594f006d64265790fe87c301c6e1400c0b6b1cf72add50a0ceddc25afb8231ab8302a2e5b6ebfbfac30e5d
  languageName: node
  linkType: hard

"@types/node@npm:*, @types/node@npm:^15.12.2":
  version: 15.12.2
  resolution: "@types/node@npm:15.12.2"
  checksum: 26b9170eb825656751955e919dcea7963d1be4d1eba361c67e41b51a55436c51d69d63f49ee98aaf4fe2e0e5eb3c0038408a8f542316b7583e9badf4fdd10024
  languageName: node
  linkType: hard

"@types/prettier@npm:^2":
  version: 2.3.0
  resolution: "@types/prettier@npm:2.3.0"
  checksum: 7c1ef16234220519d52b8a154723caf5c5dc9d5eaa85bfe06e367ba57472dab7f7fdac1ca7c29d9010d58f74f3b5235a9f8bad0111d9bad74018eb8141371e7e
  languageName: node
  linkType: hard

"@types/puppeteer@npm:^5.4.3":
  version: 5.4.3
  resolution: "@types/puppeteer@npm:5.4.3"
  dependencies:
    "@types/node": "*"
  checksum: 8b3aeeb686d71793ac55908cd6b63f71e8e8e447869137f5279f977bded877dc8a17cf84e167cea6841ea46ca9be76f2b3e80785208e0fb5981f0bff5ee7775a
  languageName: node
  linkType: hard

"@types/responselike@npm:*, @types/responselike@npm:^1.0.0":
  version: 1.0.0
  resolution: "@types/responselike@npm:1.0.0"
  dependencies:
    "@types/node": "*"
  checksum: e6e6613c800aeda63e2331e753e8d21df1a2c9aa7a4bc71ed792a848e4811fc96e609759089355314a2318c76eff1f161499cd242044838ab1e6f56e463ebb9c
  languageName: node
  linkType: hard

"@types/user-agents@npm:^1.0.1":
  version: 1.0.1
  resolution: "@types/user-agents@npm:1.0.1"
  checksum: 76bdffa9101a7fcd64ec807f601f6056f88dd63869a868128345d51ba4a69e098fe395c903db01e5d48778cbb368c56a6eae1cf5056eca5e1b8892017eaf8356
  languageName: node
  linkType: hard

"@types/yauzl@npm:^2.9.1":
  version: 2.9.1
  resolution: "@types/yauzl@npm:2.9.1"
  dependencies:
    "@types/node": "*"
  checksum: de89460f6bc272f9169013f1b8add1b46e4f0740b74700d6b3422078a2f3b38de7993c24e4752312f549406898451f4de8598b4168d2a4a6f546fa9bdc09c959
  languageName: node
  linkType: hard

"agent-base@npm:6":
  version: 6.0.2
  resolution: "agent-base@npm:6.0.2"
  dependencies:
    debug: 4
  checksum: e77eff83e1308883118c7b6a866974dd4ef6be32ef7c91625d5337b13addb5699075c338942f5ecf598d7e5d179b81bf9c9fc644dfb9ca2db0facd9e6bf1238d
  languageName: node
  linkType: hard

"balanced-match@npm:^1.0.0":
  version: 1.0.2
  resolution: "balanced-match@npm:1.0.2"
  checksum: 690643f3009a04289ac401079de5a780aae452f7625fb2884051cc847b231e6521ee15dd6430b066d3cf4bd8bb00bb7ff55b7d134f34b8f0b8c043806796f94e
  languageName: node
  linkType: hard

"base64-js@npm:^1.3.1":
  version: 1.5.1
  resolution: "base64-js@npm:1.5.1"
  checksum: c1b41a26ddc6620eb7f1ee6c29c812f5942a4e328e74263f995872cfb8ca3aee08542beb25cd10fd7ef16e4f16603e25c35a26e776c01fd55277e5035e829e0e
  languageName: node
  linkType: hard

"bl@npm:^4.0.3":
  version: 4.1.0
  resolution: "bl@npm:4.1.0"
  dependencies:
    buffer: ^5.5.0
    inherits: ^2.0.4
    readable-stream: ^3.4.0
  checksum: 15d009339c2eeaedb9dab39c48f910a2fd6a9ba11400e61990917ebf3b25fa32cd9b80c7531a95467078258f6a59bd3f5d93323565423a7843855a16a1794261
  languageName: node
  linkType: hard

"brace-expansion@npm:^1.1.7":
  version: 1.1.11
  resolution: "brace-expansion@npm:1.1.11"
  dependencies:
    balanced-match: ^1.0.0
    concat-map: 0.0.1
  checksum: 4c878e25e4858baf801945dfd63eb68feab2e502cf1122f25f3915c0e3bf397af3a93ff6bef0798db41c0d81ef28c08e55daac38058710f749a3b96eee6b8f40
  languageName: node
  linkType: hard

"buffer-crc32@npm:~0.2.3":
  version: 0.2.13
  resolution: "buffer-crc32@npm:0.2.13"
  checksum: 0340e848d6fd87e49ef6f1067f31b2a8d2e71b433e9bb62ff3d9bc2499146f0be586b5b80b0d099c7110a226161b21cb6cd80162dd5a51d9ebdb03da58b99637
  languageName: node
  linkType: hard

"buffer@npm:^5.2.1, buffer@npm:^5.5.0":
  version: 5.7.1
  resolution: "buffer@npm:5.7.1"
  dependencies:
    base64-js: ^1.3.1
    ieee754: ^1.1.13
  checksum: 1750ac396eb36e0157ff5299509723ac0681338ef6cd40b039bc86d59c8b9a9494e99db992836eb6d637de0b270b53ec1a62d4a1c9faeaa51468cc340e553984
  languageName: node
  linkType: hard

"cac@npm:^6.7.3":
  version: 6.7.3
  resolution: "cac@npm:6.7.3"
  checksum: fc77c9d7309bfaded1a630fe61c5b3319ffeb6e02aeb561e55bd48d8e86724cb8414adf53bd4792db7ebcd112576b15ee695a3c3de19896a72cb34eb04508d34
  languageName: node
  linkType: hard

"cacheable-lookup@npm:^5.0.3":
  version: 5.0.4
  resolution: "cacheable-lookup@npm:5.0.4"
  checksum: cb5849f5841e37f007aeaea2516ecf2cb0a9730667694d131331a04413f6c3bf2587391d55003cc2b95ef59085b5f50ac9887a0b7c673fc0c8102bcc69b6d73d
  languageName: node
  linkType: hard

"cacheable-request@npm:^7.0.1":
  version: 7.0.2
  resolution: "cacheable-request@npm:7.0.2"
  dependencies:
    clone-response: ^1.0.2
    get-stream: ^5.1.0
    http-cache-semantics: ^4.0.0
    keyv: ^4.0.0
    lowercase-keys: ^2.0.0
    normalize-url: ^6.0.1
    responselike: ^2.0.0
  checksum: 176a1fceb987f1fee8b512ee7908445854a0c75854a11710f0d8de104cf840fd92e3c94ecd1f9144e57a25e17f5d72056591e5b33aabb8775061f906b0696a50
  languageName: node
  linkType: hard

"chownr@npm:^1.1.1":
  version: 1.1.4
  resolution: "chownr@npm:1.1.4"
  checksum: 4a7f1a0b2637450fd15ddb085b10649487ddd1d59a8d9335b1aa5b1e9ad55840a591ab7d7f9b568001cb6777d017334477ab2e32e048788b13a069d011cd5781
  languageName: node
  linkType: hard

"clone-response@npm:^1.0.2":
  version: 1.0.2
  resolution: "clone-response@npm:1.0.2"
  dependencies:
    mimic-response: ^1.0.0
  checksum: 71832f9219f2682b0915bdbc0dd187ba8e63d16b0af5342b44f97b34afe9400a1f528a253dd2f70a8dd8b23bfa4c4e106928fcc520fa5899d769af95e4cce53c
  languageName: node
  linkType: hard

"concat-map@npm:0.0.1":
  version: 0.0.1
  resolution: "concat-map@npm:0.0.1"
  checksum: 554e28d9ee5aa6e061795473ee092cb3d3a2cbdb76c35416e0bb6e03f136d7d07676da387b2ed0ec4106cedbb6534080d9abc48ecc4a92b76406cf2d0c3c0c4b
  languageName: node
  linkType: hard

"debug@npm:4, debug@npm:^4.1.1":
  version: 4.3.2
  resolution: "debug@npm:4.3.2"
  dependencies:
    ms: 2.1.2
  peerDependenciesMeta:
    supports-color:
      optional: true
  checksum: 5543570879e2274f6725d4285a034d6e0822d35faefc6f55965933fb440e8c21eb3a0bef934e66f4b6b491f898ee2de37cab980e9d4fd61372136c19d3ce4527
  languageName: node
  linkType: hard

"debug@npm:4.3.1":
  version: 4.3.1
  resolution: "debug@npm:4.3.1"
  dependencies:
    ms: 2.1.2
  peerDependenciesMeta:
    supports-color:
      optional: true
  checksum: 0d41ba5177510e8b388dfd7df143ab0f9312e4abdaba312595461511dac88e9ef8101939d33b4e6d37e10341af6a5301082e4d7d6f3deb4d57bc05fc7d296fad
  languageName: node
  linkType: hard

"decompress-response@npm:^6.0.0":
  version: 6.0.0
  resolution: "decompress-response@npm:6.0.0"
  dependencies:
    mimic-response: ^3.1.0
  checksum: bb8b8c42be7767994764d27f91a3949e3dc9008da82f1aaeab1de40f1ebb50d7abf17b31b2e4000f8d267a1e75f76052efd58d4419124c04bf430e184c164fad
  languageName: node
  linkType: hard

"defer-to-connect@npm:^2.0.0":
  version: 2.0.1
  resolution: "defer-to-connect@npm:2.0.1"
  checksum: 6641e6377732f3066e5f101ae4f22de6b85c45fda3ff0cd710412901af7570cfbb77c9c25cb6dcd5d1b52b816e37fccfc013c9ec7f1f6a95823773625e8be6c5
  languageName: node
  linkType: hard

"delay@npm:^5.0.0":
  version: 5.0.0
  resolution: "delay@npm:5.0.0"
  checksum: 404b4dd8e60f9fe869dbbd502696cdf4da2b4f3b5b4c10d3345bdec7a3af896ebbb175e16e3aeef7b2063a8ffbb446a04b97218fb276233c90c103b8676c83a0
  languageName: node
  linkType: hard

"detect-indent@npm:~6.0.0":
  version: 6.0.0
  resolution: "detect-indent@npm:6.0.0"
  checksum: ad0619414151942d278c06cd4b6b79feb96c16eebf4979ef1d03433941f1a85c9bba7daba73a73814d629923716169da5416bbc4290c232d53a2dc06f462da5f
  languageName: node
  linkType: hard

"devtools-protocol@npm:0.0.883894":
  version: 0.0.883894
  resolution: "devtools-protocol@npm:0.0.883894"
  checksum: b0e80d306dba9930b0fa691c2498eed4e383d0a22d0c73c2fd91c0ba702d3e9db63e62fd4fd08cda5dac20db2c603e064237901da3e251abf0c74abf94de9ee7
  languageName: node
  linkType: hard

"docopt@npm:~0.6.2":
  version: 0.6.2
  resolution: "docopt@npm:0.6.2"
  checksum: 956f40c184511e9691deafc5e205d0261f3d90def7f6a0c9caa189020ee968da2c05af4083851f38e7ea6ffbccef2f77d4e3a5ad7a3c9c1a23f85bc3b83368bb
  languageName: node
  linkType: hard

"dot-json@npm:^1.2.2":
  version: 1.2.2
  resolution: "dot-json@npm:1.2.2"
  dependencies:
    detect-indent: ~6.0.0
    docopt: ~0.6.2
    underscore-keypath: ~0.0.22
  bin:
    dot-json: bin/dot-json.js
  checksum: 3113cbf01a69b1f23e66937ed5a3b4d3f4a57ada893aea40bfdb45e245596734d57abbbfa01a352cf9cae586da2d62a1503e14f597da66df26c6adc74c30538f
  languageName: node
  linkType: hard

"end-of-stream@npm:^1.1.0, end-of-stream@npm:^1.4.1":
  version: 1.4.4
  resolution: "end-of-stream@npm:1.4.4"
  dependencies:
    once: ^1.4.0
  checksum: 7da60e458bdb5e16c006a45e85ef3bc1e3791db5ba275b0913258ccddc8899acb9252c4ddbcce87bd1b46e2a3f97315aafb9f0c0330e8aac44defb504a9d3ccd
  languageName: node
  linkType: hard

"extract-zip@npm:2.0.1":
  version: 2.0.1
  resolution: "extract-zip@npm:2.0.1"
  dependencies:
    "@types/yauzl": ^2.9.1
    debug: ^4.1.1
    get-stream: ^5.1.0
    yauzl: ^2.10.0
  dependenciesMeta:
    "@types/yauzl":
      optional: true
  bin:
    extract-zip: cli.js
  checksum: 1217e48d659bf589a7ffaf6fa01fd868d619d1be46ef3dd6526cd17614a2d3a7d1bd5d5ebef81461000cd86fb32a0c9827b466650e98d55efc1fb5ee85f4716a
  languageName: node
  linkType: hard

"fd-slicer@npm:~1.1.0":
  version: 1.1.0
  resolution: "fd-slicer@npm:1.1.0"
  dependencies:
    pend: ~1.2.0
  checksum: ec759b16aea613f79540b450ffc278dcb927dccf55c89a364b68547441bec776d637f0a53aee9c9c70683406e4fc4b3aff29b1732bb388f9fa6ba200e8a79caa
  languageName: node
  linkType: hard

"find-up@npm:^4.0.0":
  version: 4.1.0
  resolution: "find-up@npm:4.1.0"
  dependencies:
    locate-path: ^5.0.0
    path-exists: ^4.0.0
  checksum: d612d28e02eaca6cd7128fc9bc9b456e2547a3f9875b2b2ae2dbdc6b8cec52bc2885efcb3ac6c18954e838f4c8e20565d196784b190e1d38565f9dc39aade722
  languageName: node
  linkType: hard

"fs-constants@npm:^1.0.0":
  version: 1.0.0
  resolution: "fs-constants@npm:1.0.0"
  checksum: b8382395f555012591b20bddf08d258723f660b4e7312943d10431a893e2af879295fefc15a917df43c9ed52d80d2f014c0ca8ca359367969be5c8a133e39742
  languageName: node
  linkType: hard

"fs-extra@npm:^10.0.0":
  version: 10.0.0
  resolution: "fs-extra@npm:10.0.0"
  dependencies:
    graceful-fs: ^4.2.0
    jsonfile: ^6.0.1
    universalify: ^2.0.0
  checksum: 84632d143fe3125b8c3c2b1fedbbdfcfb84fc3e087522b4e138cc07edf574619925713a6609f6d5e53ede2e31ab319c7d528ea4a4a770ba6622a16bf4447cd8b
  languageName: node
  linkType: hard

"fs.realpath@npm:^1.0.0":
  version: 1.0.0
  resolution: "fs.realpath@npm:1.0.0"
  checksum: 698a91b1695e3926185c9e5b0dd57cf687dceb4eb73799af91e6b2ab741735e2962c366c5af6403ffddae2619914193bd339efa706fdc984d0ffc74b7a3603f4
  languageName: node
  linkType: hard

"get-stream@npm:^5.1.0":
  version: 5.2.0
  resolution: "get-stream@npm:5.2.0"
  dependencies:
    pump: ^3.0.0
  checksum: c71c5625f4573a33823371da253b4183df6bdb28cb678d03bab9b5f91626d92d6f3f5ae2404c5efdc1248fbb82204e4dae4283c7ff3cc14e505754f9f748f217
  languageName: node
  linkType: hard

"glob@npm:^7.1.3":
  version: 7.1.7
  resolution: "glob@npm:7.1.7"
  dependencies:
    fs.realpath: ^1.0.0
    inflight: ^1.0.4
    inherits: 2
    minimatch: ^3.0.4
    once: ^1.3.0
    path-is-absolute: ^1.0.0
  checksum: 352f74f08247db5420161a2f68f2bd84b53228b5fcfc9dcc37cd54d3f19ec0232495d84aeff1286d0727059e9fdc1031400e00b971bdc59e30f8f82b199c9d02
  languageName: node
  linkType: hard

"got@npm:^11.8.2":
  version: 11.8.2
  resolution: "got@npm:11.8.2"
  dependencies:
    "@sindresorhus/is": ^4.0.0
    "@szmarczak/http-timer": ^4.0.5
    "@types/cacheable-request": ^6.0.1
    "@types/responselike": ^1.0.0
    cacheable-lookup: ^5.0.3
    cacheable-request: ^7.0.1
    decompress-response: ^6.0.0
    http2-wrapper: ^1.0.0-beta.5.2
    lowercase-keys: ^2.0.0
    p-cancelable: ^2.0.0
    responselike: ^2.0.0
  checksum: 6415f98ec249e932ca8223396e58ec18017ade64e21efc40db62f994f3551eaf7eca945671d40b2486f0650b1f17b5a2a0f11655ea501712566ef60be010f07f
  languageName: node
  linkType: hard

"graceful-fs@npm:^4.1.6, graceful-fs@npm:^4.2.0":
  version: 4.2.6
  resolution: "graceful-fs@npm:4.2.6"
  checksum: 84d39c7756892553da990a9db7e45f844b3309b37b5a00174cbb4748476f2250c54f24594d4d252f64f085c65c2fdac7c809419bf6d55f0e6e42eb07ac0f5bf2
  languageName: node
  linkType: hard

"http-cache-semantics@npm:^4.0.0":
  version: 4.1.0
  resolution: "http-cache-semantics@npm:4.1.0"
  checksum: 451df9784af2acbe0cc1fd70291285c08ca4a8966ab5ee4d3975e003d1ad4d74c81473086d628f31296b31221966fda8bc5ea1e29dd8f1f33f9fc2b0fdca65ca
  languageName: node
  linkType: hard

"http2-wrapper@npm:^1.0.0-beta.5.2":
  version: 1.0.3
  resolution: "http2-wrapper@npm:1.0.3"
  dependencies:
    quick-lru: ^5.1.1
    resolve-alpn: ^1.0.0
  checksum: 2fc0140a69558cf1352372ed6cdf94eb6d108b2755ca087a5626044667033ca9fd6d0e5e04db3c3d2129aadff99b9b07b5bcf3952f5b7138926cb7a1d3128c6e
  languageName: node
  linkType: hard

"https-proxy-agent@npm:5.0.0":
  version: 5.0.0
  resolution: "https-proxy-agent@npm:5.0.0"
  dependencies:
    agent-base: 6
    debug: 4
  checksum: 18aa04ea08cc069fa0c83d03475d1bc43e13bfa43d5cffc0c3a07430f755e1ac914049570302775adac82aa5a779643ef2c6c270c057d7a8523a7f6f46b4866a
  languageName: node
  linkType: hard

"ieee754@npm:^1.1.13":
  version: 1.2.1
  resolution: "ieee754@npm:1.2.1"
  checksum: 6c1cfab995ecab3b0dbb6cfb7e192686eb02f0f8e788f2d962e1fc02e2d5ab38a85e06d417221f136bd029663a77cdb920d99605d68d3730a05597dd7910426a
  languageName: node
  linkType: hard

"inflight@npm:^1.0.4":
  version: 1.0.6
  resolution: "inflight@npm:1.0.6"
  dependencies:
    once: ^1.3.0
    wrappy: 1
  checksum: 17c53fc42cbe7f7f471d2bc41b97a0cde4b79a74d5ff59997d3f75210566fa278e17596da526d43de2bd07e222706240ce50e60097e54f2cde2e64cbbb372638
  languageName: node
  linkType: hard

"inherits@npm:2, inherits@npm:^2.0.3, inherits@npm:^2.0.4":
  version: 2.0.4
  resolution: "inherits@npm:2.0.4"
  checksum: 98426da247ddfc3dcd7d7daedd90c3ca32d5b08deca08949726f12d49232aef94772a07b36cf4ff833e105ae2ef931777f6de4a6dd8245a216b9299ad4a50bea
  languageName: node
  linkType: hard

"json-buffer@npm:3.0.1":
  version: 3.0.1
  resolution: "json-buffer@npm:3.0.1"
  checksum: 78011309cb53c19195702ece9e282c8c58d7facd8d6e286857fd4daf511f0bd93424498898d0b9ecfde6ab8e87a2ab0c0a654fba4b1a4ec81fa51f2c48a5ddba
  languageName: node
  linkType: hard

"jsonfile@npm:^6.0.1":
  version: 6.1.0
  resolution: "jsonfile@npm:6.1.0"
  dependencies:
    graceful-fs: ^4.1.6
    universalify: ^2.0.0
  dependenciesMeta:
    graceful-fs:
      optional: true
  checksum: 9419c886abc6f8a5088cbb222b7bc17c76e8ee9f6c0e5c38781a4e09488166084f25247bc0b58e025b08c43064c82ae860ad89a992e35fc8cfae639323b7edbc
  languageName: node
  linkType: hard

"keyv@npm:^4.0.0":
  version: 4.0.3
  resolution: "keyv@npm:4.0.3"
  dependencies:
    json-buffer: 3.0.1
  checksum: 63527e3d010dd9b8f8e62435130cdb1518de7b7d0ebafcff1359611caa0e79c7f80f1863ff73e712d99ce69fa06be62b66a78fb5cfee6483f2f95eeac340f12b
  languageName: node
  linkType: hard

"locate-path@npm:^5.0.0":
  version: 5.0.0
  resolution: "locate-path@npm:5.0.0"
  dependencies:
    p-locate: ^4.1.0
  checksum: c58f49d45c8672d0a290dea0ce41fcb27205b3f2d61452ba335ef3b42ad36c10c31b1f061b46d96dd4b81e9a00e8a2897bc124d75623b80a9f6d36b1e754a6b5
  languageName: node
  linkType: hard

"lodash.clonedeep@npm:^4.5.0":
  version: 4.5.0
  resolution: "lodash.clonedeep@npm:4.5.0"
  checksum: 41e2fe4c57c56a66a4775a6ddeebe9272f0ce4d257d97b3cb8724a9b01eeec9b09ce7e8603d6926baf5f48c287d988f0de4bf5aa244ea86b1f22c1e6f203cc27
  languageName: node
  linkType: hard

"lowercase-keys@npm:^2.0.0":
  version: 2.0.0
  resolution: "lowercase-keys@npm:2.0.0"
  checksum: 4da67f41865a25360bb05749a66a83c60987c7efa0b8ec443941a19978c21ba916ae9fedca25b96fc652026c4264a437d3fec099d1949716b5483eec42395ec9
  languageName: node
  linkType: hard

"mimic-response@npm:^1.0.0":
  version: 1.0.1
  resolution: "mimic-response@npm:1.0.1"
  checksum: 64b43c717ed8710bc920576e96d38d0e504e9eec3114af8e00c9e3d7ae53cd459ee38febb0badc83e3a4e6d21cd571db43e9011f8cf014809989c87a1a9f0ea4
  languageName: node
  linkType: hard

"mimic-response@npm:^3.1.0":
  version: 3.1.0
  resolution: "mimic-response@npm:3.1.0"
  checksum: cfbf19f66de6ad46df7481d9e8c1a7f30b6fa77dd771ad4a72a0443265041a39768182bde6d1de39001c2774168635bc74f42902e401c8ba33db55d69b773004
  languageName: node
  linkType: hard

"minimatch@npm:^3.0.4":
  version: 3.0.4
  resolution: "minimatch@npm:3.0.4"
  dependencies:
    brace-expansion: ^1.1.7
  checksum: 47eab9263962cacd5733e274ecad2d8e54b0f8e124ba35ae69189e296058f634a4967b87a98954f86fa5c830ff177caf827ce0136d28717ed3232951fb4fae62
  languageName: node
  linkType: hard

"minimist@npm:^1.2.5":
  version: 1.2.5
  resolution: "minimist@npm:1.2.5"
  checksum: b77b8590147a4e217ff34266236bc39de23b52e6e33054076991ff674c7397a1380a7bde11111916f16f003a94aaa7e4f3d92595a32189644ff607fabc65a5b6
  languageName: node
  linkType: hard

"mkdirp@npm:^0.5.1":
  version: 0.5.5
  resolution: "mkdirp@npm:0.5.5"
  dependencies:
    minimist: ^1.2.5
  bin:
    mkdirp: bin/cmd.js
  checksum: 9dd9792e891927b14ca02226dbe1daeb717b9517a001620d5e2658bbc72c5e4f06887b6cbcbb60595fa5a56e701073cf250f1ed69c1988a6b89faf9fd6a4d049
  languageName: node
  linkType: hard

"ms@npm:2.1.2":
  version: 2.1.2
  resolution: "ms@npm:2.1.2"
  checksum: 9b65fb709bc30c0c07289dcbdb61ca032acbb9ea5698b55fa62e2cebb04c5953f1876a1f3f7f4bc2e91d4bf4d86003f3e207c3bc6ee2f716f99827e62389cd0e
  languageName: node
  linkType: hard

"node-fetch@npm:2.6.1":
  version: 2.6.1
  resolution: "node-fetch@npm:2.6.1"
  checksum: cbb171635e538162b977eac5dfe7a1e07a9a02e991924377a6435502291e2f823d306b95aabc455caebf4a118ccf836868462bc70ccc3095af02bb9da61fda37
  languageName: node
  linkType: hard

"nodejs--console-scraper-elecciones-2021@workspace:.":
  version: 0.0.0-use.local
  resolution: "nodejs--console-scraper-elecciones-2021@workspace:."
  dependencies:
    "@types/fs-extra": ^9.0.11
    "@types/node": ^15.12.2
    "@types/prettier": ^2
    "@types/puppeteer": ^5.4.3
    "@types/user-agents": ^1.0.1
    cac: ^6.7.3
    delay: ^5.0.0
    fs-extra: ^10.0.0
    got: ^11.8.2
    prettier: ^2.3.1
    puppeteer: ^10.0.0
    typescript: ^4.3.2
    user-agents: ^1.0.681
  languageName: unknown
  linkType: soft

"normalize-url@npm:^6.0.1":
  version: 6.0.1
  resolution: "normalize-url@npm:6.0.1"
  checksum: 63fe38bbc1c1b41fcc4ba9f54411755ce75aaeb25624d3c95f6d84501ea7a0e4ddd79fbcfcf9e497de7952e3c4856cba8719e9417cfbdd8e082aea5c900f3de4
  languageName: node
  linkType: hard

"once@npm:^1.3.0, once@npm:^1.3.1, once@npm:^1.4.0":
  version: 1.4.0
  resolution: "once@npm:1.4.0"
  dependencies:
    wrappy: 1
  checksum: 57afc246536cf6494437f982b26475f22bee860f8b77ce8eb1543f42a8bffe04b2c66ddfea9a16cb25ccb80943f8ee4fc639367ef97b7a6a4f2672eb573963f5
  languageName: node
  linkType: hard

"p-cancelable@npm:^2.0.0":
  version: 2.1.1
  resolution: "p-cancelable@npm:2.1.1"
  checksum: 0ce643f3c9701514b1e831900b94912d1f365bb4a600b586a85fc41ed15fde46ad221793e1a1ba92452df4b5a062f6a0e3840a9812bc068082d1288d15e886af
  languageName: node
  linkType: hard

"p-limit@npm:^2.2.0":
  version: 2.3.0
  resolution: "p-limit@npm:2.3.0"
  dependencies:
    p-try: ^2.0.0
  checksum: 5f20492a25c5f93fca2930dbbf41fa1bee46ef70eaa6b49ad1f7b963f309e599bc40507e0a3a531eee4bcd10fec4dd4a63291d0e3b2d84ac97d7403d43d271a9
  languageName: node
  linkType: hard

"p-locate@npm:^4.1.0":
  version: 4.1.0
  resolution: "p-locate@npm:4.1.0"
  dependencies:
    p-limit: ^2.2.0
  checksum: 57f9abef0b29f02ff88c0936a392c9a1fbdd08169e636e0d85b7407c108014d71578c0c6fe93fa49b5bf3857b20d6f16b96389e2b356f7f599d4d2150505844f
  languageName: node
  linkType: hard

"p-try@npm:^2.0.0":
  version: 2.2.0
  resolution: "p-try@npm:2.2.0"
  checksum: 20983f3765466c1ab617ed153cb53b70ac5df828d854a3334d185e20b37f436e9096f12bc1b7fc96d8908dc927a3685172d3d89e755774f57b7103460c54dcc5
  languageName: node
  linkType: hard

"path-exists@npm:^4.0.0":
  version: 4.0.0
  resolution: "path-exists@npm:4.0.0"
  checksum: 6ab15000c5bea4f3e6e6b651983276e27ee42907ea29f5bd68f0d5c425c22f1664ab53c355099723f59b0bfd31aa52d29ea499e1843bf62543e045698f4c77b2
  languageName: node
  linkType: hard

"path-is-absolute@npm:^1.0.0":
  version: 1.0.1
  resolution: "path-is-absolute@npm:1.0.1"
  checksum: 907e1e3e6ac0aef6e65adffd75b3892191d76a5b94c5cf26b43667c4240531d11872ca6979c209b2e5e1609f7f579d02f64ba9936b48bb59d36cc529f0d965ed
  languageName: node
  linkType: hard

"pend@npm:~1.2.0":
  version: 1.2.0
  resolution: "pend@npm:1.2.0"
  checksum: 35da01b2aa52458fbda2dceaeb5305c0d6c7262beca67d9f4c97bd70e4a8f4457f5fa01ffea3b3f786fb310b9b3b98515c52de3d7ae0b50dfb50b2a2d38d042b
  languageName: node
  linkType: hard

"pkg-dir@npm:4.2.0":
  version: 4.2.0
  resolution: "pkg-dir@npm:4.2.0"
  dependencies:
    find-up: ^4.0.0
  checksum: 1956ebf3cf5cc36a5d20e93851fcadd5a786774eb08667078561e72e0ab8ace91fc36a028d5305f0bfe7c89f9bf51886e2a3c8cb2c2620accfa3feb8da3c256b
  languageName: node
  linkType: hard

"prettier@npm:^2.3.1":
  version: 2.3.1
  resolution: "prettier@npm:2.3.1"
  bin:
    prettier: bin-prettier.js
  checksum: 9b4a695b87ce5f510fc20feec01cce7371f0fa0b92ffe79d543f6be52e2004c532861629de4d7ab1c577e1f649dce3cfccd62cb2ca6526b1da8d9c63eb84bf36
  languageName: node
  linkType: hard

"progress@npm:2.0.1":
  version: 2.0.1
  resolution: "progress@npm:2.0.1"
  checksum: 7796c1cfee287232696cdb34708cef1b753ecddff3a56fa415a798f4a9e879ae049a16ec50af80aa040d62275e96bba67a7af47727922e7e50476e265802320d
  languageName: node
  linkType: hard

"proxy-from-env@npm:1.1.0":
  version: 1.1.0
  resolution: "proxy-from-env@npm:1.1.0"
  checksum: 6459372a57f3e8ef5211f7847ca2fffabcdd6490005892fcc0dcd62fe2b3551900c8a07fad7df9de3897547b1ab4ac7a7197964cd6fa7e76303caa4936bfaf32
  languageName: node
  linkType: hard

"pump@npm:^3.0.0":
  version: 3.0.0
  resolution: "pump@npm:3.0.0"
  dependencies:
    end-of-stream: ^1.1.0
    once: ^1.3.1
  checksum: 5464d5cf6c6f083cc60cb45b074fb9a4a92ba4d3e0d89e9b2fa1906d8151fd3766784a426725ccf1af50d1c29963ac20b13829933549830e08a6704e3f95e08c
  languageName: node
  linkType: hard

"puppeteer@npm:^10.0.0":
  version: 10.0.0
  resolution: "puppeteer@npm:10.0.0"
  dependencies:
    debug: 4.3.1
    devtools-protocol: 0.0.883894
    extract-zip: 2.0.1
    https-proxy-agent: 5.0.0
    node-fetch: 2.6.1
    pkg-dir: 4.2.0
    progress: 2.0.1
    proxy-from-env: 1.1.0
    rimraf: 3.0.2
    tar-fs: 2.0.0
    unbzip2-stream: 1.3.3
    ws: 7.4.6
  checksum: 409ac732a33a152d47aa1b07f92532fcc18a321b31b91027854efb119212f96c6336e62764a5ecd097f0d04b3612961964433199a4a9667d6d9299b3bc00edba
  languageName: node
  linkType: hard

"quick-lru@npm:^5.1.1":
  version: 5.1.1
  resolution: "quick-lru@npm:5.1.1"
  checksum: fafb2b2fa1a948d6f2e88d4a60571be70b316d9b0be857d24fba0ac28fc31acebf535b643fe968473d689f8c655bcb2a0e4da67912f571059a4e4eb15740b021
  languageName: node
  linkType: hard

"readable-stream@npm:^3.1.1, readable-stream@npm:^3.4.0":
  version: 3.6.0
  resolution: "readable-stream@npm:3.6.0"
  dependencies:
    inherits: ^2.0.3
    string_decoder: ^1.1.1
    util-deprecate: ^1.0.1
  checksum: f178b1daa80d9e58ebba71dbb08486430aa6f0dea3a22a1b7401f3f6983077d0bc0edea43099db06b8d006c9ad48d6383e8fb72c05d5b187670aeaf1b9b44f00
  languageName: node
  linkType: hard

"resolve-alpn@npm:^1.0.0":
  version: 1.1.2
  resolution: "resolve-alpn@npm:1.1.2"
  checksum: 18a00b3423516f3955231a37c29a49aa8352f496ead288d5d434404037bcbf2c5704f5b79c294a0d76dd319fedda25821c8c3ff1dea27eeb9a2f473a00f1c0cf
  languageName: node
  linkType: hard

"responselike@npm:^2.0.0":
  version: 2.0.0
  resolution: "responselike@npm:2.0.0"
  dependencies:
    lowercase-keys: ^2.0.0
  checksum: 11d8225dd8bbbd2ab7482c2e54ff2618e346c7d785e66d2ff5da03d6eafa8b33c3a4c6d685324dccf06f36ee2695db9bd2579382548c2a7253d770204694a63d
  languageName: node
  linkType: hard

"rimraf@npm:3.0.2":
  version: 3.0.2
  resolution: "rimraf@npm:3.0.2"
  dependencies:
    glob: ^7.1.3
  bin:
    rimraf: bin.js
  checksum: f0de3e445581e64a8a077af476cc30708e659f5779ec2ca2a161556d0792aa318a685923798ae22055b4ecd02b9aff444ef619578f7af53cf8e0e248031e3dee
  languageName: node
  linkType: hard

"safe-buffer@npm:~5.2.0":
  version: 5.2.1
  resolution: "safe-buffer@npm:5.2.1"
  checksum: 0bb57f0d8f9d1fa4fe35ad8a2db1f83a027d48f2822d59ede88fd5cd4ddad83c0b497213feb7a70fbf90597a70c5217f735b0eb1850df40ce9b4ae81dd22b3f9
  languageName: node
  linkType: hard

"string_decoder@npm:^1.1.1":
  version: 1.3.0
  resolution: "string_decoder@npm:1.3.0"
  dependencies:
    safe-buffer: ~5.2.0
  checksum: 0a09afb610cb538707fcf0a50a080f159040529eabdba82f23b04f1d1f90adf9ba18cc3800231c6ab2ee55dece047f4bed87c56da52b2afd85c3c7fb73eb7e48
  languageName: node
  linkType: hard

"tar-fs@npm:2.0.0":
  version: 2.0.0
  resolution: "tar-fs@npm:2.0.0"
  dependencies:
    chownr: ^1.1.1
    mkdirp: ^0.5.1
    pump: ^3.0.0
    tar-stream: ^2.0.0
  checksum: 82249df97976d1bd1f636e3491c55bef4fec1da6c9b7c89545a97d8dcf98ce44610e7d55cec0232455c5f687783b7a8ab06cc399a61a83b99458aa68d37de939
  languageName: node
  linkType: hard

"tar-stream@npm:^2.0.0":
  version: 2.2.0
  resolution: "tar-stream@npm:2.2.0"
  dependencies:
    bl: ^4.0.3
    end-of-stream: ^1.4.1
    fs-constants: ^1.0.0
    inherits: ^2.0.3
    readable-stream: ^3.1.1
  checksum: 7eec0a7fc8d0337729c1c2356d567a7527141d6ba0dd4804db979e17fc6389163e70fd4abdb855fc5ab54b944aeff7988e35e95ab6cee34a4156ca2d42980576
  languageName: node
  linkType: hard

"through@npm:^2.3.8":
  version: 2.3.8
  resolution: "through@npm:2.3.8"
  checksum: 918d9151680b5355990011eb8c4b02e8cb8cf6e9fb6ea3d3e5a1faa688343789e261634ae35de4ea9167ab029d1e7bac6af2fe61b843931768d405fdc3e8897c
  languageName: node
  linkType: hard

typescript@^4.3.2:
  version: 4.3.2
  resolution: "typescript@npm:4.3.2"
  bin:
    tsc: bin/tsc
    tsserver: bin/tsserver
  checksum: 21e1285402e32fd240f6ad3f97b6fea81b90d2591f412677d01b570a8bd93151d1e08460d58f43689fc758671a5baaebb16fa93d3c8260181612c8e619bd24f7
  languageName: node
  linkType: hard

"typescript@patch:typescript@^4.3.2#builtin<compat/typescript>":
  version: 4.3.2
  resolution: "typescript@patch:typescript@npm%3A4.3.2#builtin<compat/typescript>::version=4.3.2&hash=ddfc1b"
  bin:
    tsc: bin/tsc
    tsserver: bin/tsserver
  checksum: 68d48dc86dacfeab59a22414ff061c976c46b679a9717a3a710051ea7bab779fd23f4edb856434da8155e8e8646c90b3912e342cc0010dfd15ed321a42cb0578
  languageName: node
  linkType: hard

"unbzip2-stream@npm:1.3.3":
  version: 1.3.3
  resolution: "unbzip2-stream@npm:1.3.3"
  dependencies:
    buffer: ^5.2.1
    through: ^2.3.8
  checksum: 562874cdb405767e33971645ae72a86b7daae7adb22cd00d7f9931f1c74af55d2d0ba36027fb75374e38ab4f6ba3392f867a9dc7c07bd35d3fecf265b37eb666
  languageName: node
  linkType: hard

"underscore-keypath@npm:~0.0.22":
  version: 0.0.22
  resolution: "underscore-keypath@npm:0.0.22"
  dependencies:
    underscore: "*"
  checksum: aaab5256d2be2a2ad29b28ac78a17f44b49ed3fd966d91ee91839e68c0470804618167181473c8adccb2cdd6649601d833e526d09c3b828036c1eeea1f378695
  languageName: node
  linkType: hard

"underscore@npm:*":
  version: 1.13.1
  resolution: "underscore@npm:1.13.1"
  checksum: 19527b2db3d34f783c3f2db9716a2c1221fef2958866925545697c46f430f59d1b384b8105cc7e7c809bdf0dc9075f2bfff90b8fb270b9d3a6c58347de2dd79d
  languageName: node
  linkType: hard

"universalify@npm:^2.0.0":
  version: 2.0.0
  resolution: "universalify@npm:2.0.0"
  checksum: 36bfbdc97bd4b483596e66ea65e20663f5ab9ec3650157d99b075b7f97afcdefe46bbb23f89171dd75595d398cea3769a5b6d7130f5c66cae2a0f00904780f62
  languageName: node
  linkType: hard

"user-agents@npm:^1.0.681":
  version: 1.0.681
  resolution: "user-agents@npm:1.0.681"
  dependencies:
    dot-json: ^1.2.2
    lodash.clonedeep: ^4.5.0
  checksum: 56928eec374f3cd170d264b8064a755dbd397fcaf218f4a45831dfaa5897737cb358762fd4bc9e3e8291fb35f7ec571f330850251c4b7fad4ffea0193a50ed96
  languageName: node
  linkType: hard

"util-deprecate@npm:^1.0.1":
  version: 1.0.2
  resolution: "util-deprecate@npm:1.0.2"
  checksum: 73c2b1cf0210ccac300645384d8443cabbd93194117b2dc1b3bae8d8279ad39aedac857e020c4ea505e96a1045059c7359db3df6a9df0be6b8584166c9d61dc9
  languageName: node
  linkType: hard

"wrappy@npm:1":
  version: 1.0.2
  resolution: "wrappy@npm:1.0.2"
  checksum: 519fcda0fcdf0c16327be2de9d98646742307bc830277e8868529fcf7566f2b330a6453c233e0cdcb767d5838dd61a90984a02ecc983bcddebea5ad0833bbf98
  languageName: node
  linkType: hard

"ws@npm:7.4.6":
  version: 7.4.6
  resolution: "ws@npm:7.4.6"
  peerDependencies:
    bufferutil: ^4.0.1
    utf-8-validate: ^5.0.2
  peerDependenciesMeta:
    bufferutil:
      optional: true
    utf-8-validate:
      optional: true
  checksum: ffeb626d92f14aa3a67aa3784824c1d290131e25d225f4ca6b1b6b6d7ea754fca67694d89a5b99b144382365e1bccf1f7ec2f92df56f0d25f44939b070452f06
  languageName: node
  linkType: hard

"yauzl@npm:^2.10.0":
  version: 2.10.0
  resolution: "yauzl@npm:2.10.0"
  dependencies:
    buffer-crc32: ~0.2.3
    fd-slicer: ~1.1.0
  checksum: 6d0c4e72706ec2df6ea842d09c792e7b34badc5db3d8a893e0c70d0e464c9bf82bac4b1690f3515b5e1d96b72fceb6cc4dd96465426077ba6dddc54e7dd4d517
  languageName: node
  linkType: hard
